// !$*UTF8*$!
{
	archiveVersion = 1;
	classes = {
	};
	objectVersion = 46;
	objects = {

/* Begin PBXBuildFile section */
		10BC4CE91DDD512A00E6F2BD /* AVFoundation.framework in Frameworks */ = {isa = PBXBuildFile; fileRef = 10BC4CE81DDD512A00E6F2BD /* AVFoundation.framework */; };
		10BC4CEB1DDD513000E6F2BD /* Foundation.framework in Frameworks */ = {isa = PBXBuildFile; fileRef = 10BC4CEA1DDD513000E6F2BD /* Foundation.framework */; };
		10BC4CED1DDD518400E6F2BD /* Bolts.framework in Frameworks */ = {isa = PBXBuildFile; fileRef = 10BC4CEC1DDD518400E6F2BD /* Bolts.framework */; };
		10BC4CEE1DDD518400E6F2BD /* Bolts.framework in Frameworks */ = {isa = PBXBuildFile; fileRef = 10BC4CEC1DDD518400E6F2BD /* Bolts.framework */; };
		10BC4CF11DDD51BA00E6F2BD /* FBSDKCoreKit.framework in Frameworks */ = {isa = PBXBuildFile; fileRef = 10BC4CEF1DDD51BA00E6F2BD /* FBSDKCoreKit.framework */; };
		10BC4CF21DDD51BA00E6F2BD /* FBSDKCoreKit.framework in Frameworks */ = {isa = PBXBuildFile; fileRef = 10BC4CEF1DDD51BA00E6F2BD /* FBSDKCoreKit.framework */; };
		10BC4CF31DDD51BA00E6F2BD /* FBSDKLoginKit.framework in Frameworks */ = {isa = PBXBuildFile; fileRef = 10BC4CF01DDD51BA00E6F2BD /* FBSDKLoginKit.framework */; };
		10BC4CF41DDD51BA00E6F2BD /* FBSDKLoginKit.framework in Frameworks */ = {isa = PBXBuildFile; fileRef = 10BC4CF01DDD51BA00E6F2BD /* FBSDKLoginKit.framework */; };
		10BC4CF61DDD524A00E6F2BD /* BackgroundVideo.swift in Sources */ = {isa = PBXBuildFile; fileRef = 10BC4CF51DDD524A00E6F2BD /* BackgroundVideo.swift */; };
		10BC4CF71DDD524A00E6F2BD /* BackgroundVideo.swift in Sources */ = {isa = PBXBuildFile; fileRef = 10BC4CF51DDD524A00E6F2BD /* BackgroundVideo.swift */; };
		10BC4CF91DDD657300E6F2BD /* charity-1.mp4 in Resources */ = {isa = PBXBuildFile; fileRef = 10BC4CF81DDD657300E6F2BD /* charity-1.mp4 */; };
		10BC4CFB1DDD67F700E6F2BD /* Main.storyboard in Resources */ = {isa = PBXBuildFile; fileRef = 10BC4CFA1DDD67F700E6F2BD /* Main.storyboard */; };
		10D0F31D1DDD425F00A29AC0 /* AppDelegate.swift in Sources */ = {isa = PBXBuildFile; fileRef = 10D0F31C1DDD425F00A29AC0 /* AppDelegate.swift */; };
		10D0F31F1DDD425F00A29AC0 /* ViewController.swift in Sources */ = {isa = PBXBuildFile; fileRef = 10D0F31E1DDD425F00A29AC0 /* ViewController.swift */; };
		10D0F3241DDD425F00A29AC0 /* Assets.xcassets in Resources */ = {isa = PBXBuildFile; fileRef = 10D0F3231DDD425F00A29AC0 /* Assets.xcassets */; };
		10D0F3271DDD425F00A29AC0 /* LaunchScreen.storyboard in Resources */ = {isa = PBXBuildFile; fileRef = 10D0F3251DDD425F00A29AC0 /* LaunchScreen.storyboard */; };
		10D0F3321DDD425F00A29AC0 /* KarmaBearTests.swift in Sources */ = {isa = PBXBuildFile; fileRef = 10D0F3311DDD425F00A29AC0 /* KarmaBearTests.swift */; };
		10D0F33D1DDD425F00A29AC0 /* KarmaBearUITests.swift in Sources */ = {isa = PBXBuildFile; fileRef = 10D0F33C1DDD425F00A29AC0 /* KarmaBearUITests.swift */; };
		10D0F3511DDD468800A29AC0 /* NeedStruct.swift in Sources */ = {isa = PBXBuildFile; fileRef = 10D0F3501DDD468800A29AC0 /* NeedStruct.swift */; };
		10D0F3531DDD46B200A29AC0 /* EventStruct.swift in Sources */ = {isa = PBXBuildFile; fileRef = 10D0F3521DDD46B200A29AC0 /* EventStruct.swift */; };
		10D0F3551DDD46D300A29AC0 /* CharityStruct.swift in Sources */ = {isa = PBXBuildFile; fileRef = 10D0F3541DDD46D300A29AC0 /* CharityStruct.swift */; };
		10D0F3571DDD46F600A29AC0 /* CharityModel.swift in Sources */ = {isa = PBXBuildFile; fileRef = 10D0F3561DDD46F600A29AC0 /* CharityModel.swift */; };
		10D0F3591DDD470F00A29AC0 /* UserStruct.swift in Sources */ = {isa = PBXBuildFile; fileRef = 10D0F3581DDD470F00A29AC0 /* UserStruct.swift */; };
		10D0F35C1DDD475700A29AC0 /* NeedModalViewController.swift in Sources */ = {isa = PBXBuildFile; fileRef = 10D0F35B1DDD475700A29AC0 /* NeedModalViewController.swift */; };
		10D0F35E1DDD477900A29AC0 /* EventModalViewController.swift in Sources */ = {isa = PBXBuildFile; fileRef = 10D0F35D1DDD477900A29AC0 /* EventModalViewController.swift */; };
		10D0F3611DDD47C400A29AC0 /* CharityAnnotation.swift in Sources */ = {isa = PBXBuildFile; fileRef = 10D0F3601DDD47C400A29AC0 /* CharityAnnotation.swift */; };
		10D0F3631DDD47DF00A29AC0 /* AnnotationView.swift in Sources */ = {isa = PBXBuildFile; fileRef = 10D0F3621DDD47DF00A29AC0 /* AnnotationView.swift */; };
		10D0F3651DDD47FD00A29AC0 /* CharityDetailViewController.swift in Sources */ = {isa = PBXBuildFile; fileRef = 10D0F3641DDD47FD00A29AC0 /* CharityDetailViewController.swift */; };
		10D0F3671DDD482A00A29AC0 /* CharityLocTableView.swift in Sources */ = {isa = PBXBuildFile; fileRef = 10D0F3661DDD482A00A29AC0 /* CharityLocTableView.swift */; };
		10D0F3691DDD484600A29AC0 /* CustomCalloutView.swift in Sources */ = {isa = PBXBuildFile; fileRef = 10D0F3681DDD484600A29AC0 /* CustomCalloutView.swift */; };
		10D0F36B1DDD486300A29AC0 /* UserActivityViewController.swift in Sources */ = {isa = PBXBuildFile; fileRef = 10D0F36A1DDD486300A29AC0 /* UserActivityViewController.swift */; };
		10D0F36E1DDD48B100A29AC0 /* AuthenticateViewController.swift in Sources */ = {isa = PBXBuildFile; fileRef = 10D0F36D1DDD48B100A29AC0 /* AuthenticateViewController.swift */; };
		10D0F3701DDD48D100A29AC0 /* HTTPHelper.swift in Sources */ = {isa = PBXBuildFile; fileRef = 10D0F36F1DDD48D100A29AC0 /* HTTPHelper.swift */; };
/* End PBXBuildFile section */

/* Begin PBXContainerItemProxy section */
		10D0F32E1DDD425F00A29AC0 /* PBXContainerItemProxy */ = {
			isa = PBXContainerItemProxy;
			containerPortal = 10D0F3111DDD425F00A29AC0 /* Project object */;
			proxyType = 1;
			remoteGlobalIDString = 10D0F3181DDD425F00A29AC0;
			remoteInfo = KarmaBear;
		};
		10D0F3391DDD425F00A29AC0 /* PBXContainerItemProxy */ = {
			isa = PBXContainerItemProxy;
			containerPortal = 10D0F3111DDD425F00A29AC0 /* Project object */;
			proxyType = 1;
			remoteGlobalIDString = 10D0F3181DDD425F00A29AC0;
			remoteInfo = KarmaBear;
		};
/* End PBXContainerItemProxy section */

/* Begin PBXFileReference section */
		10BC4CDD1DDD501900E6F2BD /* KarmaBearTests-Bridging-Header.h */ = {isa = PBXFileReference; lastKnownFileType = sourcecode.c.h; name = "KarmaBearTests-Bridging-Header.h"; path = "KarmaBearTests/KarmaBearTests-Bridging-Header.h"; sourceTree = SOURCE_ROOT; };
		10BC4CE81DDD512A00E6F2BD /* AVFoundation.framework */ = {isa = PBXFileReference; lastKnownFileType = wrapper.framework; name = AVFoundation.framework; path = System/Library/Frameworks/AVFoundation.framework; sourceTree = SDKROOT; };
		10BC4CEA1DDD513000E6F2BD /* Foundation.framework */ = {isa = PBXFileReference; lastKnownFileType = wrapper.framework; name = Foundation.framework; path = System/Library/Frameworks/Foundation.framework; sourceTree = SDKROOT; };
		10BC4CEC1DDD518400E6F2BD /* Bolts.framework */ = {isa = PBXFileReference; lastKnownFileType = wrapper.framework; name = Bolts.framework; path = KarmaBear/Bolts.framework; sourceTree = "<group>"; };
		10BC4CEF1DDD51BA00E6F2BD /* FBSDKCoreKit.framework */ = {isa = PBXFileReference; lastKnownFileType = wrapper.framework; name = FBSDKCoreKit.framework; path = KarmaBear/FBSDKCoreKit.framework; sourceTree = "<group>"; };
		10BC4CF01DDD51BA00E6F2BD /* FBSDKLoginKit.framework */ = {isa = PBXFileReference; lastKnownFileType = wrapper.framework; name = FBSDKLoginKit.framework; path = KarmaBear/FBSDKLoginKit.framework; sourceTree = "<group>"; };
		10BC4CF51DDD524A00E6F2BD /* BackgroundVideo.swift */ = {isa = PBXFileReference; fileEncoding = 4; lastKnownFileType = sourcecode.swift; name = BackgroundVideo.swift; path = KarmaBear/BackgroundVideo.swift; sourceTree = "<group>"; };
		10BC4CF81DDD657300E6F2BD /* charity-1.mp4 */ = {isa = PBXFileReference; lastKnownFileType = file; path = "charity-1.mp4"; sourceTree = "<group>"; };
		10BC4CFA1DDD67F700E6F2BD /* Main.storyboard */ = {isa = PBXFileReference; fileEncoding = 4; lastKnownFileType = file.storyboard; path = Main.storyboard; sourceTree = "<group>"; };
		10BC4CFC1DDD70B000E6F2BD /* KarmaBear.entitlements */ = {isa = PBXFileReference; lastKnownFileType = text.plist.entitlements; path = KarmaBear.entitlements; sourceTree = "<group>"; };
		10D0F3191DDD425F00A29AC0 /* KarmaBear.app */ = {isa = PBXFileReference; explicitFileType = wrapper.application; includeInIndex = 0; path = KarmaBear.app; sourceTree = BUILT_PRODUCTS_DIR; };
		10D0F31C1DDD425F00A29AC0 /* AppDelegate.swift */ = {isa = PBXFileReference; lastKnownFileType = sourcecode.swift; path = AppDelegate.swift; sourceTree = "<group>"; };
		10D0F31E1DDD425F00A29AC0 /* ViewController.swift */ = {isa = PBXFileReference; lastKnownFileType = sourcecode.swift; name = ViewController.swift; path = KarmaBear/ViewController.swift; sourceTree = "<group>"; };
		10D0F3231DDD425F00A29AC0 /* Assets.xcassets */ = {isa = PBXFileReference; lastKnownFileType = folder.assetcatalog; path = Assets.xcassets; sourceTree = "<group>"; };
		10D0F3261DDD425F00A29AC0 /* Base */ = {isa = PBXFileReference; lastKnownFileType = file.storyboard; name = Base; path = Base.lproj/LaunchScreen.storyboard; sourceTree = "<group>"; };
		10D0F3281DDD425F00A29AC0 /* Info.plist */ = {isa = PBXFileReference; lastKnownFileType = text.plist.xml; path = Info.plist; sourceTree = "<group>"; };
		10D0F32D1DDD425F00A29AC0 /* KarmaBearTests.xctest */ = {isa = PBXFileReference; explicitFileType = wrapper.cfbundle; includeInIndex = 0; path = KarmaBearTests.xctest; sourceTree = BUILT_PRODUCTS_DIR; };
		10D0F3311DDD425F00A29AC0 /* KarmaBearTests.swift */ = {isa = PBXFileReference; lastKnownFileType = sourcecode.swift; path = KarmaBearTests.swift; sourceTree = "<group>"; };
		10D0F3331DDD425F00A29AC0 /* Info.plist */ = {isa = PBXFileReference; lastKnownFileType = text.plist.xml; path = Info.plist; sourceTree = "<group>"; };
		10D0F3381DDD425F00A29AC0 /* KarmaBearUITests.xctest */ = {isa = PBXFileReference; explicitFileType = wrapper.cfbundle; includeInIndex = 0; path = KarmaBearUITests.xctest; sourceTree = BUILT_PRODUCTS_DIR; };
		10D0F33C1DDD425F00A29AC0 /* KarmaBearUITests.swift */ = {isa = PBXFileReference; lastKnownFileType = sourcecode.swift; path = KarmaBearUITests.swift; sourceTree = "<group>"; };
		10D0F33E1DDD425F00A29AC0 /* Info.plist */ = {isa = PBXFileReference; lastKnownFileType = text.plist.xml; path = Info.plist; sourceTree = "<group>"; };
		10D0F3501DDD468800A29AC0 /* NeedStruct.swift */ = {isa = PBXFileReference; fileEncoding = 4; lastKnownFileType = sourcecode.swift; path = NeedStruct.swift; sourceTree = "<group>"; };
		10D0F3521DDD46B200A29AC0 /* EventStruct.swift */ = {isa = PBXFileReference; fileEncoding = 4; lastKnownFileType = sourcecode.swift; path = EventStruct.swift; sourceTree = "<group>"; };
		10D0F3541DDD46D300A29AC0 /* CharityStruct.swift */ = {isa = PBXFileReference; fileEncoding = 4; lastKnownFileType = sourcecode.swift; path = CharityStruct.swift; sourceTree = "<group>"; };
		10D0F3561DDD46F600A29AC0 /* CharityModel.swift */ = {isa = PBXFileReference; fileEncoding = 4; lastKnownFileType = sourcecode.swift; path = CharityModel.swift; sourceTree = "<group>"; };
		10D0F3581DDD470F00A29AC0 /* UserStruct.swift */ = {isa = PBXFileReference; fileEncoding = 4; lastKnownFileType = sourcecode.swift; path = UserStruct.swift; sourceTree = "<group>"; };
		10D0F35B1DDD475700A29AC0 /* NeedModalViewController.swift */ = {isa = PBXFileReference; fileEncoding = 4; lastKnownFileType = sourcecode.swift; path = NeedModalViewController.swift; sourceTree = "<group>"; };
		10D0F35D1DDD477900A29AC0 /* EventModalViewController.swift */ = {isa = PBXFileReference; fileEncoding = 4; lastKnownFileType = sourcecode.swift; path = EventModalViewController.swift; sourceTree = "<group>"; };
		10D0F3601DDD47C400A29AC0 /* CharityAnnotation.swift */ = {isa = PBXFileReference; fileEncoding = 4; lastKnownFileType = sourcecode.swift; path = CharityAnnotation.swift; sourceTree = "<group>"; };
		10D0F3621DDD47DF00A29AC0 /* AnnotationView.swift */ = {isa = PBXFileReference; fileEncoding = 4; lastKnownFileType = sourcecode.swift; path = AnnotationView.swift; sourceTree = "<group>"; };
		10D0F3641DDD47FD00A29AC0 /* CharityDetailViewController.swift */ = {isa = PBXFileReference; fileEncoding = 4; lastKnownFileType = sourcecode.swift; path = CharityDetailViewController.swift; sourceTree = "<group>"; };
		10D0F3661DDD482A00A29AC0 /* CharityLocTableView.swift */ = {isa = PBXFileReference; fileEncoding = 4; lastKnownFileType = sourcecode.swift; path = CharityLocTableView.swift; sourceTree = "<group>"; };
		10D0F3681DDD484600A29AC0 /* CustomCalloutView.swift */ = {isa = PBXFileReference; fileEncoding = 4; lastKnownFileType = sourcecode.swift; path = CustomCalloutView.swift; sourceTree = "<group>"; };
		10D0F36A1DDD486300A29AC0 /* UserActivityViewController.swift */ = {isa = PBXFileReference; fileEncoding = 4; lastKnownFileType = sourcecode.swift; path = UserActivityViewController.swift; sourceTree = "<group>"; };
		10D0F36D1DDD48B100A29AC0 /* AuthenticateViewController.swift */ = {isa = PBXFileReference; fileEncoding = 4; lastKnownFileType = sourcecode.swift; path = AuthenticateViewController.swift; sourceTree = "<group>"; };
		10D0F36F1DDD48D100A29AC0 /* HTTPHelper.swift */ = {isa = PBXFileReference; fileEncoding = 4; lastKnownFileType = sourcecode.swift; path = HTTPHelper.swift; sourceTree = "<group>"; };
/* End PBXFileReference section */

/* Begin PBXFrameworksBuildPhase section */
		10D0F3161DDD425F00A29AC0 /* Frameworks */ = {
			isa = PBXFrameworksBuildPhase;
			buildActionMask = 2147483647;
			files = (
				10BC4CED1DDD518400E6F2BD /* Bolts.framework in Frameworks */,
				10BC4CF11DDD51BA00E6F2BD /* FBSDKCoreKit.framework in Frameworks */,
				10BC4CF31DDD51BA00E6F2BD /* FBSDKLoginKit.framework in Frameworks */,
				10BC4CEB1DDD513000E6F2BD /* Foundation.framework in Frameworks */,
				10BC4CE91DDD512A00E6F2BD /* AVFoundation.framework in Frameworks */,
			);
			runOnlyForDeploymentPostprocessing = 0;
		};
		10D0F32A1DDD425F00A29AC0 /* Frameworks */ = {
			isa = PBXFrameworksBuildPhase;
			buildActionMask = 2147483647;
			files = (
				10BC4CEE1DDD518400E6F2BD /* Bolts.framework in Frameworks */,
				10BC4CF21DDD51BA00E6F2BD /* FBSDKCoreKit.framework in Frameworks */,
				10BC4CF41DDD51BA00E6F2BD /* FBSDKLoginKit.framework in Frameworks */,
			);
			runOnlyForDeploymentPostprocessing = 0;
		};
		10D0F3351DDD425F00A29AC0 /* Frameworks */ = {
			isa = PBXFrameworksBuildPhase;
			buildActionMask = 2147483647;
			files = (
			);
			runOnlyForDeploymentPostprocessing = 0;
		};
/* End PBXFrameworksBuildPhase section */

/* Begin PBXGroup section */
		10BC4CE11DDD505C00E6F2BD /* Frameworks */ = {
			isa = PBXGroup;
			children = (
				10BC4CEF1DDD51BA00E6F2BD /* FBSDKCoreKit.framework */,
				10BC4CF01DDD51BA00E6F2BD /* FBSDKLoginKit.framework */,
				10BC4CEC1DDD518400E6F2BD /* Bolts.framework */,
				10BC4CEA1DDD513000E6F2BD /* Foundation.framework */,
				10BC4CE81DDD512A00E6F2BD /* AVFoundation.framework */,
			);
			name = Frameworks;
			sourceTree = "<group>";
		};
		10D0F3101DDD425F00A29AC0 = {
			isa = PBXGroup;
			children = (
				10BC4CE11DDD505C00E6F2BD /* Frameworks */,
				10D0F36C1DDD489300A29AC0 /* RequestHelpers */,
				10D0F35A1DDD473C00A29AC0 /* Views */,
				10D0F34F1DDD464300A29AC0 /* Models */,
				10D0F35F1DDD47AB00A29AC0 /* Custom */,
				10D0F31B1DDD425F00A29AC0 /* KarmaBear */,
				10D0F3301DDD425F00A29AC0 /* KarmaBearTests */,
				10D0F33B1DDD425F00A29AC0 /* KarmaBearUITests */,
				10D0F31A1DDD425F00A29AC0 /* Products */,
			);
			sourceTree = "<group>";
		};
		10D0F31A1DDD425F00A29AC0 /* Products */ = {
			isa = PBXGroup;
			children = (
				10D0F3191DDD425F00A29AC0 /* KarmaBear.app */,
				10D0F32D1DDD425F00A29AC0 /* KarmaBearTests.xctest */,
				10D0F3381DDD425F00A29AC0 /* KarmaBearUITests.xctest */,
			);
			name = Products;
			sourceTree = "<group>";
		};
		10D0F31B1DDD425F00A29AC0 /* KarmaBear */ = {
			isa = PBXGroup;
			children = (
				10BC4CFC1DDD70B000E6F2BD /* KarmaBear.entitlements */,
				10D0F31C1DDD425F00A29AC0 /* AppDelegate.swift */,
				10BC4CFA1DDD67F700E6F2BD /* Main.storyboard */,
				10D0F3231DDD425F00A29AC0 /* Assets.xcassets */,
				10D0F3251DDD425F00A29AC0 /* LaunchScreen.storyboard */,
				10D0F3281DDD425F00A29AC0 /* Info.plist */,
				10BC4CDD1DDD501900E6F2BD /* KarmaBearTests-Bridging-Header.h */,
				10BC4CF81DDD657300E6F2BD /* charity-1.mp4 */,
			);
			path = KarmaBear;
			sourceTree = "<group>";
		};
		10D0F3301DDD425F00A29AC0 /* KarmaBearTests */ = {
			isa = PBXGroup;
			children = (
				10D0F3311DDD425F00A29AC0 /* KarmaBearTests.swift */,
				10D0F3331DDD425F00A29AC0 /* Info.plist */,
			);
			path = KarmaBearTests;
			sourceTree = "<group>";
		};
		10D0F33B1DDD425F00A29AC0 /* KarmaBearUITests */ = {
			isa = PBXGroup;
			children = (
				10D0F33C1DDD425F00A29AC0 /* KarmaBearUITests.swift */,
				10D0F33E1DDD425F00A29AC0 /* Info.plist */,
			);
			path = KarmaBearUITests;
			sourceTree = "<group>";
		};
		10D0F34F1DDD464300A29AC0 /* Models */ = {
			isa = PBXGroup;
			children = (
				10D0F3501DDD468800A29AC0 /* NeedStruct.swift */,
				10D0F3521DDD46B200A29AC0 /* EventStruct.swift */,
				10D0F3541DDD46D300A29AC0 /* CharityStruct.swift */,
				10D0F3561DDD46F600A29AC0 /* CharityModel.swift */,
				10D0F3581DDD470F00A29AC0 /* UserStruct.swift */,
			);
			name = Models;
			sourceTree = "<group>";
		};
		10D0F35A1DDD473C00A29AC0 /* Views */ = {
			isa = PBXGroup;
			children = (
				10D0F31E1DDD425F00A29AC0 /* ViewController.swift */,
				10D0F35B1DDD475700A29AC0 /* NeedModalViewController.swift */,
				10D0F35D1DDD477900A29AC0 /* EventModalViewController.swift */,
				10D0F3641DDD47FD00A29AC0 /* CharityDetailViewController.swift */,
				10D0F36A1DDD486300A29AC0 /* UserActivityViewController.swift */,
			);
			name = Views;
			sourceTree = "<group>";
		};
		10D0F35F1DDD47AB00A29AC0 /* Custom */ = {
			isa = PBXGroup;
			children = (
				10BC4CF51DDD524A00E6F2BD /* BackgroundVideo.swift */,
				10D0F3601DDD47C400A29AC0 /* CharityAnnotation.swift */,
				10D0F3621DDD47DF00A29AC0 /* AnnotationView.swift */,
				10D0F3661DDD482A00A29AC0 /* CharityLocTableView.swift */,
				10D0F3681DDD484600A29AC0 /* CustomCalloutView.swift */,
			);
			name = Custom;
			sourceTree = "<group>";
		};
		10D0F36C1DDD489300A29AC0 /* RequestHelpers */ = {
			isa = PBXGroup;
			children = (
				10D0F36D1DDD48B100A29AC0 /* AuthenticateViewController.swift */,
				10D0F36F1DDD48D100A29AC0 /* HTTPHelper.swift */,
			);
			name = RequestHelpers;
			sourceTree = "<group>";
		};
/* End PBXGroup section */

/* Begin PBXNativeTarget section */
		10D0F3181DDD425F00A29AC0 /* KarmaBear */ = {
			isa = PBXNativeTarget;
			buildConfigurationList = 10D0F3411DDD425F00A29AC0 /* Build configuration list for PBXNativeTarget "KarmaBear" */;
			buildPhases = (
				10D0F3151DDD425F00A29AC0 /* Sources */,
				10D0F3161DDD425F00A29AC0 /* Frameworks */,
				10D0F3171DDD425F00A29AC0 /* Resources */,
			);
			buildRules = (
			);
			dependencies = (
			);
			name = KarmaBear;
			productName = KarmaBear;
			productReference = 10D0F3191DDD425F00A29AC0 /* KarmaBear.app */;
			productType = "com.apple.product-type.application";
		};
		10D0F32C1DDD425F00A29AC0 /* KarmaBearTests */ = {
			isa = PBXNativeTarget;
			buildConfigurationList = 10D0F3441DDD425F00A29AC0 /* Build configuration list for PBXNativeTarget "KarmaBearTests" */;
			buildPhases = (
				10D0F3291DDD425F00A29AC0 /* Sources */,
				10D0F32A1DDD425F00A29AC0 /* Frameworks */,
				10D0F32B1DDD425F00A29AC0 /* Resources */,
			);
			buildRules = (
			);
			dependencies = (
				10D0F32F1DDD425F00A29AC0 /* PBXTargetDependency */,
			);
			name = KarmaBearTests;
			productName = KarmaBearTests;
			productReference = 10D0F32D1DDD425F00A29AC0 /* KarmaBearTests.xctest */;
			productType = "com.apple.product-type.bundle.unit-test";
		};
		10D0F3371DDD425F00A29AC0 /* KarmaBearUITests */ = {
			isa = PBXNativeTarget;
			buildConfigurationList = 10D0F3471DDD425F00A29AC0 /* Build configuration list for PBXNativeTarget "KarmaBearUITests" */;
			buildPhases = (
				10D0F3341DDD425F00A29AC0 /* Sources */,
				10D0F3351DDD425F00A29AC0 /* Frameworks */,
				10D0F3361DDD425F00A29AC0 /* Resources */,
			);
			buildRules = (
			);
			dependencies = (
				10D0F33A1DDD425F00A29AC0 /* PBXTargetDependency */,
			);
			name = KarmaBearUITests;
			productName = KarmaBearUITests;
			productReference = 10D0F3381DDD425F00A29AC0 /* KarmaBearUITests.xctest */;
			productType = "com.apple.product-type.bundle.ui-testing";
		};
/* End PBXNativeTarget section */

/* Begin PBXProject section */
		10D0F3111DDD425F00A29AC0 /* Project object */ = {
			isa = PBXProject;
			attributes = {
				LastSwiftUpdateCheck = 0800;
				LastUpgradeCheck = 0800;
				ORGANIZATIONNAME = "Ty Daniels";
				TargetAttributes = {
					10D0F3181DDD425F00A29AC0 = {
						CreatedOnToolsVersion = 8.0;
						DevelopmentTeam = 792PPDCQ8E;
						ProvisioningStyle = Automatic;
						SystemCapabilities = {
							com.apple.Keychain = {
								enabled = 1;
							};
						};
					};
					10D0F32C1DDD425F00A29AC0 = {
						CreatedOnToolsVersion = 8.0;
						DevelopmentTeam = 792PPDCQ8E;
						LastSwiftMigration = 0800;
						ProvisioningStyle = Automatic;
						TestTargetID = 10D0F3181DDD425F00A29AC0;
					};
					10D0F3371DDD425F00A29AC0 = {
						CreatedOnToolsVersion = 8.0;
						DevelopmentTeam = 792PPDCQ8E;
						ProvisioningStyle = Automatic;
						TestTargetID = 10D0F3181DDD425F00A29AC0;
					};
				};
			};
			buildConfigurationList = 10D0F3141DDD425F00A29AC0 /* Build configuration list for PBXProject "KarmaBear" */;
			compatibilityVersion = "Xcode 3.2";
			developmentRegion = English;
			hasScannedForEncodings = 0;
			knownRegions = (
				en,
				Base,
			);
			mainGroup = 10D0F3101DDD425F00A29AC0;
			productRefGroup = 10D0F31A1DDD425F00A29AC0 /* Products */;
			projectDirPath = "";
			projectRoot = "";
			targets = (
				10D0F3181DDD425F00A29AC0 /* KarmaBear */,
				10D0F32C1DDD425F00A29AC0 /* KarmaBearTests */,
				10D0F3371DDD425F00A29AC0 /* KarmaBearUITests */,
			);
		};
/* End PBXProject section */

/* Begin PBXResourcesBuildPhase section */
		10D0F3171DDD425F00A29AC0 /* Resources */ = {
			isa = PBXResourcesBuildPhase;
			buildActionMask = 2147483647;
			files = (
				10D0F3271DDD425F00A29AC0 /* LaunchScreen.storyboard in Resources */,
				10BC4CFB1DDD67F700E6F2BD /* Main.storyboard in Resources */,
				10D0F3241DDD425F00A29AC0 /* Assets.xcassets in Resources */,
				10BC4CF91DDD657300E6F2BD /* charity-1.mp4 in Resources */,
			);
			runOnlyForDeploymentPostprocessing = 0;
		};
		10D0F32B1DDD425F00A29AC0 /* Resources */ = {
			isa = PBXResourcesBuildPhase;
			buildActionMask = 2147483647;
			files = (
			);
			runOnlyForDeploymentPostprocessing = 0;
		};
		10D0F3361DDD425F00A29AC0 /* Resources */ = {
			isa = PBXResourcesBuildPhase;
			buildActionMask = 2147483647;
			files = (
			);
			runOnlyForDeploymentPostprocessing = 0;
		};
/* End PBXResourcesBuildPhase section */

/* Begin PBXSourcesBuildPhase section */
		10D0F3151DDD425F00A29AC0 /* Sources */ = {
			isa = PBXSourcesBuildPhase;
			buildActionMask = 2147483647;
			files = (
				10D0F35C1DDD475700A29AC0 /* NeedModalViewController.swift in Sources */,
				10D0F31F1DDD425F00A29AC0 /* ViewController.swift in Sources */,
				10D0F3701DDD48D100A29AC0 /* HTTPHelper.swift in Sources */,
				10D0F36E1DDD48B100A29AC0 /* AuthenticateViewController.swift in Sources */,
				10D0F3691DDD484600A29AC0 /* CustomCalloutView.swift in Sources */,
				10D0F31D1DDD425F00A29AC0 /* AppDelegate.swift in Sources */,
				10D0F3571DDD46F600A29AC0 /* CharityModel.swift in Sources */,
				10BC4CF61DDD524A00E6F2BD /* BackgroundVideo.swift in Sources */,
				10D0F3511DDD468800A29AC0 /* NeedStruct.swift in Sources */,
				10D0F3631DDD47DF00A29AC0 /* AnnotationView.swift in Sources */,
				10D0F3591DDD470F00A29AC0 /* UserStruct.swift in Sources */,
				10D0F36B1DDD486300A29AC0 /* UserActivityViewController.swift in Sources */,
				10D0F35E1DDD477900A29AC0 /* EventModalViewController.swift in Sources */,
				10D0F3611DDD47C400A29AC0 /* CharityAnnotation.swift in Sources */,
				10D0F3551DDD46D300A29AC0 /* CharityStruct.swift in Sources */,
				10D0F3651DDD47FD00A29AC0 /* CharityDetailViewController.swift in Sources */,
				10D0F3531DDD46B200A29AC0 /* EventStruct.swift in Sources */,
				10D0F3671DDD482A00A29AC0 /* CharityLocTableView.swift in Sources */,
			);
			runOnlyForDeploymentPostprocessing = 0;
		};
		10D0F3291DDD425F00A29AC0 /* Sources */ = {
			isa = PBXSourcesBuildPhase;
			buildActionMask = 2147483647;
			files = (
				10D0F3321DDD425F00A29AC0 /* KarmaBearTests.swift in Sources */,
				10BC4CF71DDD524A00E6F2BD /* BackgroundVideo.swift in Sources */,
			);
			runOnlyForDeploymentPostprocessing = 0;
		};
		10D0F3341DDD425F00A29AC0 /* Sources */ = {
			isa = PBXSourcesBuildPhase;
			buildActionMask = 2147483647;
			files = (
				10D0F33D1DDD425F00A29AC0 /* KarmaBearUITests.swift in Sources */,
			);
			runOnlyForDeploymentPostprocessing = 0;
		};
/* End PBXSourcesBuildPhase section */

/* Begin PBXTargetDependency section */
		10D0F32F1DDD425F00A29AC0 /* PBXTargetDependency */ = {
			isa = PBXTargetDependency;
			target = 10D0F3181DDD425F00A29AC0 /* KarmaBear */;
			targetProxy = 10D0F32E1DDD425F00A29AC0 /* PBXContainerItemProxy */;
		};
		10D0F33A1DDD425F00A29AC0 /* PBXTargetDependency */ = {
			isa = PBXTargetDependency;
			target = 10D0F3181DDD425F00A29AC0 /* KarmaBear */;
			targetProxy = 10D0F3391DDD425F00A29AC0 /* PBXContainerItemProxy */;
		};
/* End PBXTargetDependency section */

/* Begin PBXVariantGroup section */
		10D0F3251DDD425F00A29AC0 /* LaunchScreen.storyboard */ = {
			isa = PBXVariantGroup;
			children = (
				10D0F3261DDD425F00A29AC0 /* Base */,
			);
			name = LaunchScreen.storyboard;
			sourceTree = "<group>";
		};
/* End PBXVariantGroup section */

/* Begin XCBuildConfiguration section */
		10D0F33F1DDD425F00A29AC0 /* Debug */ = {
			isa = XCBuildConfiguration;
			buildSettings = {
				ALWAYS_SEARCH_USER_PATHS = NO;
				CLANG_ANALYZER_NONNULL = YES;
				CLANG_CXX_LANGUAGE_STANDARD = "gnu++0x";
				CLANG_CXX_LIBRARY = "libc++";
				CLANG_ENABLE_MODULES = YES;
				CLANG_ENABLE_OBJC_ARC = YES;
				CLANG_WARN_BOOL_CONVERSION = YES;
				CLANG_WARN_CONSTANT_CONVERSION = YES;
				CLANG_WARN_DIRECT_OBJC_ISA_USAGE = YES_ERROR;
				CLANG_WARN_DOCUMENTATION_COMMENTS = YES;
				CLANG_WARN_EMPTY_BODY = YES;
				CLANG_WARN_ENUM_CONVERSION = YES;
				CLANG_WARN_INFINITE_RECURSION = YES;
				CLANG_WARN_INT_CONVERSION = YES;
				CLANG_WARN_OBJC_ROOT_CLASS = YES_ERROR;
				CLANG_WARN_SUSPICIOUS_MOVES = YES;
				CLANG_WARN_UNREACHABLE_CODE = YES;
				CLANG_WARN__DUPLICATE_METHOD_MATCH = YES;
				"CODE_SIGN_IDENTITY[sdk=iphoneos*]" = "iPhone Developer";
				COPY_PHASE_STRIP = NO;
				DEBUG_INFORMATION_FORMAT = dwarf;
				ENABLE_STRICT_OBJC_MSGSEND = YES;
				ENABLE_TESTABILITY = YES;
				GCC_C_LANGUAGE_STANDARD = gnu99;
				GCC_DYNAMIC_NO_PIC = NO;
				GCC_NO_COMMON_BLOCKS = YES;
				GCC_OPTIMIZATION_LEVEL = 0;
				GCC_PREPROCESSOR_DEFINITIONS = (
					"DEBUG=1",
					"$(inherited)",
				);
				GCC_WARN_64_TO_32_BIT_CONVERSION = YES;
				GCC_WARN_ABOUT_RETURN_TYPE = YES_ERROR;
				GCC_WARN_UNDECLARED_SELECTOR = YES;
				GCC_WARN_UNINITIALIZED_AUTOS = YES_AGGRESSIVE;
				GCC_WARN_UNUSED_FUNCTION = YES;
				GCC_WARN_UNUSED_VARIABLE = YES;
				IPHONEOS_DEPLOYMENT_TARGET = 10.0;
				MTL_ENABLE_DEBUG_INFO = YES;
				ONLY_ACTIVE_ARCH = YES;
				SDKROOT = iphoneos;
				SWIFT_ACTIVE_COMPILATION_CONDITIONS = DEBUG;
				SWIFT_OPTIMIZATION_LEVEL = "-Onone";
			};
			name = Debug;
		};
		10D0F3401DDD425F00A29AC0 /* Release */ = {
			isa = XCBuildConfiguration;
			buildSettings = {
				ALWAYS_SEARCH_USER_PATHS = NO;
				CLANG_ANALYZER_NONNULL = YES;
				CLANG_CXX_LANGUAGE_STANDARD = "gnu++0x";
				CLANG_CXX_LIBRARY = "libc++";
				CLANG_ENABLE_MODULES = YES;
				CLANG_ENABLE_OBJC_ARC = YES;
				CLANG_WARN_BOOL_CONVERSION = YES;
				CLANG_WARN_CONSTANT_CONVERSION = YES;
				CLANG_WARN_DIRECT_OBJC_ISA_USAGE = YES_ERROR;
				CLANG_WARN_DOCUMENTATION_COMMENTS = YES;
				CLANG_WARN_EMPTY_BODY = YES;
				CLANG_WARN_ENUM_CONVERSION = YES;
				CLANG_WARN_INFINITE_RECURSION = YES;
				CLANG_WARN_INT_CONVERSION = YES;
				CLANG_WARN_OBJC_ROOT_CLASS = YES_ERROR;
				CLANG_WARN_SUSPICIOUS_MOVES = YES;
				CLANG_WARN_UNREACHABLE_CODE = YES;
				CLANG_WARN__DUPLICATE_METHOD_MATCH = YES;
				"CODE_SIGN_IDENTITY[sdk=iphoneos*]" = "iPhone Developer";
				COPY_PHASE_STRIP = NO;
				DEBUG_INFORMATION_FORMAT = "dwarf-with-dsym";
				ENABLE_NS_ASSERTIONS = NO;
				ENABLE_STRICT_OBJC_MSGSEND = YES;
				GCC_C_LANGUAGE_STANDARD = gnu99;
				GCC_NO_COMMON_BLOCKS = YES;
				GCC_WARN_64_TO_32_BIT_CONVERSION = YES;
				GCC_WARN_ABOUT_RETURN_TYPE = YES_ERROR;
				GCC_WARN_UNDECLARED_SELECTOR = YES;
				GCC_WARN_UNINITIALIZED_AUTOS = YES_AGGRESSIVE;
				GCC_WARN_UNUSED_FUNCTION = YES;
				GCC_WARN_UNUSED_VARIABLE = YES;
				IPHONEOS_DEPLOYMENT_TARGET = 10.0;
				MTL_ENABLE_DEBUG_INFO = NO;
				SDKROOT = iphoneos;
				SWIFT_OPTIMIZATION_LEVEL = "-Owholemodule";
				VALIDATE_PRODUCT = YES;
			};
			name = Release;
		};
		10D0F3421DDD425F00A29AC0 /* Debug */ = {
			isa = XCBuildConfiguration;
			buildSettings = {
				ASSETCATALOG_COMPILER_APPICON_NAME = AppIcon;
				CODE_SIGN_ENTITLEMENTS = KarmaBear/KarmaBear.entitlements;
				DEVELOPMENT_TEAM = 792PPDCQ8E;
				FRAMEWORK_SEARCH_PATHS = (
					"$(inherited)",
					"$(PROJECT_DIR)/KarmaBear",
				);
				INFOPLIST_FILE = KarmaBear/Info.plist;
				LD_RUNPATH_SEARCH_PATHS = "$(inherited) @executable_path/Frameworks";
				PRODUCT_BUNDLE_IDENTIFIER = "com.bundle.karma-bear";
				PRODUCT_NAME = "$(TARGET_NAME)";
				SWIFT_VERSION = 3.0;
			};
			name = Debug;
		};
		10D0F3431DDD425F00A29AC0 /* Release */ = {
			isa = XCBuildConfiguration;
			buildSettings = {
				ASSETCATALOG_COMPILER_APPICON_NAME = AppIcon;
				CODE_SIGN_ENTITLEMENTS = KarmaBear/KarmaBear.entitlements;
				DEVELOPMENT_TEAM = 792PPDCQ8E;
				FRAMEWORK_SEARCH_PATHS = (
					"$(inherited)",
					"$(PROJECT_DIR)/KarmaBear",
				);
				INFOPLIST_FILE = KarmaBear/Info.plist;
				LD_RUNPATH_SEARCH_PATHS = "$(inherited) @executable_path/Frameworks";
				PRODUCT_BUNDLE_IDENTIFIER = "com.bundle.karma-bear";
				PRODUCT_NAME = "$(TARGET_NAME)";
				SWIFT_VERSION = 3.0;
			};
			name = Release;
		};
		10D0F3451DDD425F00A29AC0 /* Debug */ = {
			isa = XCBuildConfiguration;
			buildSettings = {
				ALWAYS_EMBED_SWIFT_STANDARD_LIBRARIES = YES;
				BUNDLE_LOADER = "$(TEST_HOST)";
				CLANG_ENABLE_MODULES = YES;
				DEVELOPMENT_TEAM = 792PPDCQ8E;
				FRAMEWORK_SEARCH_PATHS = (
					"$(inherited)",
					"$(PROJECT_DIR)/KarmaBear",
				);
				INFOPLIST_FILE = KarmaBearTests/Info.plist;
				LD_RUNPATH_SEARCH_PATHS = "$(inherited) @executable_path/Frameworks @loader_path/Frameworks";
				PRODUCT_BUNDLE_IDENTIFIER = com.KarmaBearTests;
				PRODUCT_NAME = "$(TARGET_NAME)";
				SWIFT_OBJC_BRIDGING_HEADER = "KarmaBearTests/KarmaBearTests-Bridging-Header.h";
				SWIFT_OPTIMIZATION_LEVEL = "-Onone";
				SWIFT_VERSION = 3.0;
				TEST_HOST = "$(BUILT_PRODUCTS_DIR)/KarmaBear.app/KarmaBear";
			};
			name = Debug;
		};
		10D0F3461DDD425F00A29AC0 /* Release */ = {
			isa = XCBuildConfiguration;
			buildSettings = {
				ALWAYS_EMBED_SWIFT_STANDARD_LIBRARIES = YES;
				BUNDLE_LOADER = "$(TEST_HOST)";
				CLANG_ENABLE_MODULES = YES;
				DEVELOPMENT_TEAM = 792PPDCQ8E;
				FRAMEWORK_SEARCH_PATHS = (
					"$(inherited)",
					"$(PROJECT_DIR)/KarmaBear",
				);
				INFOPLIST_FILE = KarmaBearTests/Info.plist;
				LD_RUNPATH_SEARCH_PATHS = "$(inherited) @executable_path/Frameworks @loader_path/Frameworks";
				PRODUCT_BUNDLE_IDENTIFIER = com.KarmaBearTests;
				PRODUCT_NAME = "$(TARGET_NAME)";
				SWIFT_OBJC_BRIDGING_HEADER = "KarmaBearTests/KarmaBearTests-Bridging-Header.h";
				SWIFT_VERSION = 3.0;
				TEST_HOST = "$(BUILT_PRODUCTS_DIR)/KarmaBear.app/KarmaBear";
			};
			name = Release;
		};
		10D0F3481DDD425F00A29AC0 /* Debug */ = {
			isa = XCBuildConfiguration;
			buildSettings = {
				ALWAYS_EMBED_SWIFT_STANDARD_LIBRARIES = YES;
				DEVELOPMENT_TEAM = 792PPDCQ8E;
				INFOPLIST_FILE = KarmaBearUITests/Info.plist;
				LD_RUNPATH_SEARCH_PATHS = "$(inherited) @executable_path/Frameworks @loader_path/Frameworks";
				PRODUCT_BUNDLE_IDENTIFIER = com.KarmaBearUITests;
				PRODUCT_NAME = "$(TARGET_NAME)";
				SWIFT_VERSION = 3.0;
				TEST_TARGET_NAME = KarmaBear;
			};
			name = Debug;
		};
		10D0F3491DDD425F00A29AC0 /* Release */ = {
			isa = XCBuildConfiguration;
			buildSettings = {
				ALWAYS_EMBED_SWIFT_STANDARD_LIBRARIES = YES;
				DEVELOPMENT_TEAM = 792PPDCQ8E;
				INFOPLIST_FILE = KarmaBearUITests/Info.plist;
				LD_RUNPATH_SEARCH_PATHS = "$(inherited) @executable_path/Frameworks @loader_path/Frameworks";
				PRODUCT_BUNDLE_IDENTIFIER = com.KarmaBearUITests;
				PRODUCT_NAME = "$(TARGET_NAME)";
				SWIFT_VERSION = 3.0;
				TEST_TARGET_NAME = KarmaBear;
			};
			name = Release;
		};
/* End XCBuildConfiguration section */

/* Begin XCConfigurationList section */
		10D0F3141DDD425F00A29AC0 /* Build configuration list for PBXProject "KarmaBear" */ = {
			isa = XCConfigurationList;
			buildConfigurations = (
				10D0F33F1DDD425F00A29AC0 /* Debug */,
				10D0F3401DDD425F00A29AC0 /* Release */,
			);
			defaultConfigurationIsVisible = 0;
			defaultConfigurationName = Release;
		};
		10D0F3411DDD425F00A29AC0 /* Build configuration list for PBXNativeTarget "KarmaBear" */ = {
			isa = XCConfigurationList;
			buildConfigurations = (
				10D0F3421DDD425F00A29AC0 /* Debug */,
				10D0F3431DDD425F00A29AC0 /* Release */,
			);
			defaultConfigurationIsVisible = 0;
			defaultConfigurationName = Release;
		};
		10D0F3441DDD425F00A29AC0 /* Build configuration list for PBXNativeTarget "KarmaBearTests" */ = {
			isa = XCConfigurationList;
			buildConfigurations = (
				10D0F3451DDD425F00A29AC0 /* Debug */,
				10D0F3461DDD425F00A29AC0 /* Release */,
			);
			defaultConfigurationIsVisible = 0;
			defaultConfigurationName = Release;
		};
		10D0F3471DDD425F00A29AC0 /* Build configuration list for PBXNativeTarget "KarmaBearUITests" */ = {
			isa = XCConfigurationList;
			buildConfigurations = (
				10D0F3481DDD425F00A29AC0 /* Debug */,
				10D0F3491DDD425F00A29AC0 /* Release */,
			);
			defaultConfigurationIsVisible = 0;
			defaultConfigurationName = Release;
		};
/* End XCConfigurationList section */
	};
	rootObject = 10D0F3111DDD425F00A29AC0 /* Project object */;
}
